// !$*UTF8*$!
{
	archiveVersion = 1;
	classes = {
	};
	objectVersion = 46;
	objects = {

/* Begin PBXBuildFile section */
		84FCF6FD1A8A2D2100CC99F5 /* Foundation.framework in Frameworks */ = {isa = PBXBuildFile; fileRef = 84FCF6FC1A8A2D2100CC99F5 /* Foundation.framework */; };
		84FCF6FF1A8A2D2100CC99F5 /* CoreGraphics.framework in Frameworks */ = {isa = PBXBuildFile; fileRef = 84FCF6FE1A8A2D2100CC99F5 /* CoreGraphics.framework */; };
		84FCF7011A8A2D2100CC99F5 /* UIKit.framework in Frameworks */ = {isa = PBXBuildFile; fileRef = 84FCF7001A8A2D2100CC99F5 /* UIKit.framework */; };
		84FCF7071A8A2D2100CC99F5 /* InfoPlist.strings in Resources */ = {isa = PBXBuildFile; fileRef = 84FCF7051A8A2D2100CC99F5 /* InfoPlist.strings */; };
		84FCF7091A8A2D2100CC99F5 /* main.m in Sources */ = {isa = PBXBuildFile; fileRef = 84FCF7081A8A2D2100CC99F5 /* main.m */; };
		84FCF70D1A8A2D2100CC99F5 /* AppDelegate.m in Sources */ = {isa = PBXBuildFile; fileRef = 84FCF70C1A8A2D2100CC99F5 /* AppDelegate.m */; };
		84FCF7101A8A2D2100CC99F5 /* Main_iPhone.storyboard in Resources */ = {isa = PBXBuildFile; fileRef = 84FCF70E1A8A2D2100CC99F5 /* Main_iPhone.storyboard */; };
		84FCF7131A8A2D2100CC99F5 /* Main_iPad.storyboard in Resources */ = {isa = PBXBuildFile; fileRef = 84FCF7111A8A2D2100CC99F5 /* Main_iPad.storyboard */; };
		84FCF7161A8A2D2100CC99F5 /* ViewController.m in Sources */ = {isa = PBXBuildFile; fileRef = 84FCF7151A8A2D2100CC99F5 /* ViewController.m */; };
		84FCF7181A8A2D2100CC99F5 /* Images.xcassets in Resources */ = {isa = PBXBuildFile; fileRef = 84FCF7171A8A2D2100CC99F5 /* Images.xcassets */; };
		84FCF71F1A8A2D2200CC99F5 /* XCTest.framework in Frameworks */ = {isa = PBXBuildFile; fileRef = 84FCF71E1A8A2D2200CC99F5 /* XCTest.framework */; };
		84FCF7201A8A2D2200CC99F5 /* Foundation.framework in Frameworks */ = {isa = PBXBuildFile; fileRef = 84FCF6FC1A8A2D2100CC99F5 /* Foundation.framework */; };
		84FCF7211A8A2D2200CC99F5 /* UIKit.framework in Frameworks */ = {isa = PBXBuildFile; fileRef = 84FCF7001A8A2D2100CC99F5 /* UIKit.framework */; };
		84FCF7291A8A2D2200CC99F5 /* InfoPlist.strings in Resources */ = {isa = PBXBuildFile; fileRef = 84FCF7271A8A2D2200CC99F5 /* InfoPlist.strings */; };
		84FCF72B1A8A2D2200CC99F5 /* onotaTests.m in Sources */ = {isa = PBXBuildFile; fileRef = 84FCF72A1A8A2D2200CC99F5 /* onotaTests.m */; };
/* End PBXBuildFile section */

/* Begin PBXContainerItemProxy section */
		84FCF7221A8A2D2200CC99F5 /* PBXContainerItemProxy */ = {
			isa = PBXContainerItemProxy;
			containerPortal = 84FCF6F11A8A2D2100CC99F5 /* Project object */;
			proxyType = 1;
			remoteGlobalIDString = 84FCF6F81A8A2D2100CC99F5;
			remoteInfo = onota;
		};
/* End PBXContainerItemProxy section */

/* Begin PBXFileReference section */
		84FCF6F91A8A2D2100CC99F5 /* onota.app */ = {isa = PBXFileReference; explicitFileType = wrapper.application; includeInIndex = 0; path = onota.app; sourceTree = BUILT_PRODUCTS_DIR; };
		84FCF6FC1A8A2D2100CC99F5 /* Foundation.framework */ = {isa = PBXFileReference; lastKnownFileType = wrapper.framework; name = Foundation.framework; path = System/Library/Frameworks/Foundation.framework; sourceTree = SDKROOT; };
		84FCF6FE1A8A2D2100CC99F5 /* CoreGraphics.framework */ = {isa = PBXFileReference; lastKnownFileType = wrapper.framework; name = CoreGraphics.framework; path = System/Library/Frameworks/CoreGraphics.framework; sourceTree = SDKROOT; };
		84FCF7001A8A2D2100CC99F5 /* UIKit.framework */ = {isa = PBXFileReference; lastKnownFileType = wrapper.framework; name = UIKit.framework; path = System/Library/Frameworks/UIKit.framework; sourceTree = SDKROOT; };
		84FCF7041A8A2D2100CC99F5 /* onota-Info.plist */ = {isa = PBXFileReference; lastKnownFileType = text.plist.xml; path = "onota-Info.plist"; sourceTree = "<group>"; };
		84FCF7061A8A2D2100CC99F5 /* en */ = {isa = PBXFileReference; lastKnownFileType = text.plist.strings; name = en; path = en.lproj/InfoPlist.strings; sourceTree = "<group>"; };
		84FCF7081A8A2D2100CC99F5 /* main.m */ = {isa = PBXFileReference; lastKnownFileType = sourcecode.c.objc; path = main.m; sourceTree = "<group>"; };
		84FCF70A1A8A2D2100CC99F5 /* onota-Prefix.pch */ = {isa = PBXFileReference; lastKnownFileType = sourcecode.c.h; path = "onota-Prefix.pch"; sourceTree = "<group>"; };
		84FCF70B1A8A2D2100CC99F5 /* AppDelegate.h */ = {isa = PBXFileReference; lastKnownFileType = sourcecode.c.h; path = AppDelegate.h; sourceTree = "<group>"; };
		84FCF70C1A8A2D2100CC99F5 /* AppDelegate.m */ = {isa = PBXFileReference; lastKnownFileType = sourcecode.c.objc; path = AppDelegate.m; sourceTree = "<group>"; };
		84FCF70F1A8A2D2100CC99F5 /* Base */ = {isa = PBXFileReference; lastKnownFileType = file.storyboard; name = Base; path = Base.lproj/Main_iPhone.storyboard; sourceTree = "<group>"; };
		84FCF7121A8A2D2100CC99F5 /* Base */ = {isa = PBXFileReference; lastKnownFileType = file.storyboard; name = Base; path = Base.lproj/Main_iPad.storyboard; sourceTree = "<group>"; };
		84FCF7141A8A2D2100CC99F5 /* ViewController.h */ = {isa = PBXFileReference; lastKnownFileType = sourcecode.c.h; path = ViewController.h; sourceTree = "<group>"; };
		84FCF7151A8A2D2100CC99F5 /* ViewController.m */ = {isa = PBXFileReference; lastKnownFileType = sourcecode.c.objc; path = ViewController.m; sourceTree = "<group>"; };
		84FCF7171A8A2D2100CC99F5 /* Images.xcassets */ = {isa = PBXFileReference; lastKnownFileType = folder.assetcatalog; path = Images.xcassets; sourceTree = "<group>"; };
		84FCF71D1A8A2D2200CC99F5 /* onotaTests.xctest */ = {isa = PBXFileReference; explicitFileType = wrapper.cfbundle; includeInIndex = 0; path = onotaTests.xctest; sourceTree = BUILT_PRODUCTS_DIR; };
		84FCF71E1A8A2D2200CC99F5 /* XCTest.framework */ = {isa = PBXFileReference; lastKnownFileType = wrapper.framework; name = XCTest.framework; path = Library/Frameworks/XCTest.framework; sourceTree = DEVELOPER_DIR; };
		84FCF7261A8A2D2200CC99F5 /* onotaTests-Info.plist */ = {isa = PBXFileReference; lastKnownFileType = text.plist.xml; path = "onotaTests-Info.plist"; sourceTree = "<group>"; };
		84FCF7281A8A2D2200CC99F5 /* en */ = {isa = PBXFileReference; lastKnownFileType = text.plist.strings; name = en; path = en.lproj/InfoPlist.strings; sourceTree = "<group>"; };
		84FCF72A1A8A2D2200CC99F5 /* onotaTests.m */ = {isa = PBXFileReference; lastKnownFileType = sourcecode.c.objc; path = onotaTests.m; sourceTree = "<group>"; };
/* End PBXFileReference section */

/* Begin PBXFrameworksBuildPhase section */
		84FCF6F61A8A2D2100CC99F5 /* Frameworks */ = {
			isa = PBXFrameworksBuildPhase;
			buildActionMask = 2147483647;
			files = (
				84FCF6FF1A8A2D2100CC99F5 /* CoreGraphics.framework in Frameworks */,
				84FCF7011A8A2D2100CC99F5 /* UIKit.framework in Frameworks */,
				84FCF6FD1A8A2D2100CC99F5 /* Foundation.framework in Frameworks */,
			);
			runOnlyForDeploymentPostprocessing = 0;
		};
		84FCF71A1A8A2D2200CC99F5 /* Frameworks */ = {
			isa = PBXFrameworksBuildPhase;
			buildActionMask = 2147483647;
			files = (
				84FCF71F1A8A2D2200CC99F5 /* XCTest.framework in Frameworks */,
				84FCF7211A8A2D2200CC99F5 /* UIKit.framework in Frameworks */,
				84FCF7201A8A2D2200CC99F5 /* Foundation.framework in Frameworks */,
			);
			runOnlyForDeploymentPostprocessing = 0;
		};
/* End PBXFrameworksBuildPhase section */

/* Begin PBXGroup section */
		84FCF6F01A8A2D2100CC99F5 = {
			isa = PBXGroup;
			children = (
				84FCF7021A8A2D2100CC99F5 /* onota */,
				84FCF7241A8A2D2200CC99F5 /* onotaTests */,
				84FCF6FB1A8A2D2100CC99F5 /* Frameworks */,
				84FCF6FA1A8A2D2100CC99F5 /* Products */,
			);
			sourceTree = "<group>";
		};
		84FCF6FA1A8A2D2100CC99F5 /* Products */ = {
			isa = PBXGroup;
			children = (
				84FCF6F91A8A2D2100CC99F5 /* onota.app */,
				84FCF71D1A8A2D2200CC99F5 /* onotaTests.xctest */,
			);
			name = Products;
			sourceTree = "<group>";
		};
		84FCF6FB1A8A2D2100CC99F5 /* Frameworks */ = {
			isa = PBXGroup;
			children = (
				84FCF6FC1A8A2D2100CC99F5 /* Foundation.framework */,
				84FCF6FE1A8A2D2100CC99F5 /* CoreGraphics.framework */,
				84FCF7001A8A2D2100CC99F5 /* UIKit.framework */,
				84FCF71E1A8A2D2200CC99F5 /* XCTest.framework */,
			);
			name = Frameworks;
			sourceTree = "<group>";
		};
		84FCF7021A8A2D2100CC99F5 /* onota */ = {
			isa = PBXGroup;
			children = (
				84FCF7111A8A2D2100CC99F5 /* Main_iPad.storyboard */,
				84FCF7141A8A2D2100CC99F5 /* ViewController.h */,
				84FCF7151A8A2D2100CC99F5 /* ViewController.m */,
				84FCF7031A8A2D2100CC99F5 /* Supporting Files */,
			);
			path = onota;
			sourceTree = "<group>";
		};
		84FCF7031A8A2D2100CC99F5 /* Supporting Files */ = {
			isa = PBXGroup;
			children = (
				84FCF70E1A8A2D2100CC99F5 /* Main_iPhone.storyboard */,
				84FCF7171A8A2D2100CC99F5 /* Images.xcassets */,
				84FCF70B1A8A2D2100CC99F5 /* AppDelegate.h */,
				84FCF70C1A8A2D2100CC99F5 /* AppDelegate.m */,
				84FCF7041A8A2D2100CC99F5 /* onota-Info.plist */,
				84FCF7051A8A2D2100CC99F5 /* InfoPlist.strings */,
				84FCF7081A8A2D2100CC99F5 /* main.m */,
				84FCF70A1A8A2D2100CC99F5 /* onota-Prefix.pch */,
			);
			name = "Supporting Files";
			sourceTree = "<group>";
		};
		84FCF7241A8A2D2200CC99F5 /* onotaTests */ = {
			isa = PBXGroup;
			children = (
				84FCF72A1A8A2D2200CC99F5 /* onotaTests.m */,
				84FCF7251A8A2D2200CC99F5 /* Supporting Files */,
			);
			path = onotaTests;
			sourceTree = "<group>";
		};
		84FCF7251A8A2D2200CC99F5 /* Supporting Files */ = {
			isa = PBXGroup;
			children = (
				84FCF7261A8A2D2200CC99F5 /* onotaTests-Info.plist */,
				84FCF7271A8A2D2200CC99F5 /* InfoPlist.strings */,
			);
			name = "Supporting Files";
			sourceTree = "<group>";
		};
/* End PBXGroup section */

/* Begin PBXNativeTarget section */
		84FCF6F81A8A2D2100CC99F5 /* onota */ = {
			isa = PBXNativeTarget;
			buildConfigurationList = 84FCF72E1A8A2D2200CC99F5 /* Build configuration list for PBXNativeTarget "onota" */;
			buildPhases = (
				84FCF6F51A8A2D2100CC99F5 /* Sources */,
				84FCF6F61A8A2D2100CC99F5 /* Frameworks */,
				84FCF6F71A8A2D2100CC99F5 /* Resources */,
			);
			buildRules = (
			);
			dependencies = (
			);
			name = onota;
			productName = onota;
			productReference = 84FCF6F91A8A2D2100CC99F5 /* onota.app */;
			productType = "com.apple.product-type.application";
		};
		84FCF71C1A8A2D2200CC99F5 /* onotaTests */ = {
			isa = PBXNativeTarget;
			buildConfigurationList = 84FCF7311A8A2D2200CC99F5 /* Build configuration list for PBXNativeTarget "onotaTests" */;
			buildPhases = (
				84FCF7191A8A2D2200CC99F5 /* Sources */,
				84FCF71A1A8A2D2200CC99F5 /* Frameworks */,
				84FCF71B1A8A2D2200CC99F5 /* Resources */,
			);
			buildRules = (
			);
			dependencies = (
				84FCF7231A8A2D2200CC99F5 /* PBXTargetDependency */,
			);
			name = onotaTests;
			productName = onotaTests;
			productReference = 84FCF71D1A8A2D2200CC99F5 /* onotaTests.xctest */;
			productType = "com.apple.product-type.bundle.unit-test";
		};
/* End PBXNativeTarget section */

/* Begin PBXProject section */
		84FCF6F11A8A2D2100CC99F5 /* Project object */ = {
			isa = PBXProject;
			attributes = {
				LastUpgradeCheck = 0510;
				ORGANIZATIONNAME = "___FULLUSERNAME___";
				TargetAttributes = {
					84FCF71C1A8A2D2200CC99F5 = {
						TestTargetID = 84FCF6F81A8A2D2100CC99F5;
					};
				};
			};
			buildConfigurationList = 84FCF6F41A8A2D2100CC99F5 /* Build configuration list for PBXProject "onota" */;
			compatibilityVersion = "Xcode 3.2";
			developmentRegion = English;
			hasScannedForEncodings = 0;
			knownRegions = (
				en,
				Base,
			);
			mainGroup = 84FCF6F01A8A2D2100CC99F5;
			productRefGroup = 84FCF6FA1A8A2D2100CC99F5 /* Products */;
			projectDirPath = "";
			projectRoot = "";
			targets = (
				84FCF6F81A8A2D2100CC99F5 /* onota */,
				84FCF71C1A8A2D2200CC99F5 /* onotaTests */,
			);
		};
/* End PBXProject section */

/* Begin PBXResourcesBuildPhase section */
		84FCF6F71A8A2D2100CC99F5 /* Resources */ = {
			isa = PBXResourcesBuildPhase;
			buildActionMask = 2147483647;
			files = (
				84FCF7131A8A2D2100CC99F5 /* Main_iPad.storyboard in Resources */,
				84FCF7181A8A2D2100CC99F5 /* Images.xcassets in Resources */,
				84FCF7101A8A2D2100CC99F5 /* Main_iPhone.storyboard in Resources */,
				84FCF7071A8A2D2100CC99F5 /* InfoPlist.strings in Resources */,
			);
			runOnlyForDeploymentPostprocessing = 0;
		};
		84FCF71B1A8A2D2200CC99F5 /* Resources */ = {
			isa = PBXResourcesBuildPhase;
			buildActionMask = 2147483647;
			files = (
				84FCF7291A8A2D2200CC99F5 /* InfoPlist.strings in Resources */,
			);
			runOnlyForDeploymentPostprocessing = 0;
		};
/* End PBXResourcesBuildPhase section */

/* Begin PBXSourcesBuildPhase section */
		84FCF6F51A8A2D2100CC99F5 /* Sources */ = {
			isa = PBXSourcesBuildPhase;
			buildActionMask = 2147483647;
			files = (
				84FCF7161A8A2D2100CC99F5 /* ViewController.m in Sources */,
				84FCF70D1A8A2D2100CC99F5 /* AppDelegate.m in Sources */,
				84FCF7091A8A2D2100CC99F5 /* main.m in Sources */,
			);
			runOnlyForDeploymentPostprocessing = 0;
		};
		84FCF7191A8A2D2200CC99F5 /* Sources */ = {
			isa = PBXSourcesBuildPhase;
			buildActionMask = 2147483647;
			files = (
				84FCF72B1A8A2D2200CC99F5 /* onotaTests.m in Sources */,
			);
			runOnlyForDeploymentPostprocessing = 0;
		};
/* End PBXSourcesBuildPhase section */

/* Begin PBXTargetDependency section */
		84FCF7231A8A2D2200CC99F5 /* PBXTargetDependency */ = {
			isa = PBXTargetDependency;
			target = 84FCF6F81A8A2D2100CC99F5 /* onota */;
			targetProxy = 84FCF7221A8A2D2200CC99F5 /* PBXContainerItemProxy */;
		};
/* End PBXTargetDependency section */

/* Begin PBXVariantGroup section */
		84FCF7051A8A2D2100CC99F5 /* InfoPlist.strings */ = {
			isa = PBXVariantGroup;
			children = (
				84FCF7061A8A2D2100CC99F5 /* en */,
			);
			name = InfoPlist.strings;
			sourceTree = "<group>";
		};
		84FCF70E1A8A2D2100CC99F5 /* Main_iPhone.storyboard */ = {
			isa = PBXVariantGroup;
			children = (
				84FCF70F1A8A2D2100CC99F5 /* Base */,
			);
			name = Main_iPhone.storyboard;
			sourceTree = "<group>";
		};
		84FCF7111A8A2D2100CC99F5 /* Main_iPad.storyboard */ = {
			isa = PBXVariantGroup;
			children = (
				84FCF7121A8A2D2100CC99F5 /* Base */,
			);
			name = Main_iPad.storyboard;
			sourceTree = "<group>";
		};
		84FCF7271A8A2D2200CC99F5 /* InfoPlist.strings */ = {
			isa = PBXVariantGroup;
			children = (
				84FCF7281A8A2D2200CC99F5 /* en */,
			);
			name = InfoPlist.strings;
			sourceTree = "<group>";
		};
/* End PBXVariantGroup section */

/* Begin XCBuildConfiguration section */
		84FCF72C1A8A2D2200CC99F5 /* Debug */ = {
			isa = XCBuildConfiguration;
			buildSettings = {
				ALWAYS_SEARCH_USER_PATHS = NO;
				CLANG_CXX_LANGUAGE_STANDARD = "gnu++0x";
				CLANG_CXX_LIBRARY = "libc++";
				CLANG_ENABLE_MODULES = YES;
				CLANG_ENABLE_OBJC_ARC = YES;
				CLANG_WARN_BOOL_CONVERSION = YES;
				CLANG_WARN_CONSTANT_CONVERSION = YES;
				CLANG_WARN_DIRECT_OBJC_ISA_USAGE = YES_ERROR;
				CLANG_WARN_EMPTY_BODY = YES;
				CLANG_WARN_ENUM_CONVERSION = YES;
				CLANG_WARN_INT_CONVERSION = YES;
				CLANG_WARN_OBJC_ROOT_CLASS = YES_ERROR;
				CLANG_WARN__DUPLICATE_METHOD_MATCH = YES;
				"CODE_SIGN_IDENTITY[sdk=iphoneos*]" = "iPhone Developer";
				COPY_PHASE_STRIP = NO;
				GCC_C_LANGUAGE_STANDARD = gnu99;
				GCC_DYNAMIC_NO_PIC = NO;
				GCC_OPTIMIZATION_LEVEL = 0;
				GCC_PREPROCESSOR_DEFINITIONS = (
					"DEBUG=1",
					"$(inherited)",
				);
				GCC_SYMBOLS_PRIVATE_EXTERN = NO;
				GCC_WARN_64_TO_32_BIT_CONVERSION = YES;
				GCC_WARN_ABOUT_RETURN_TYPE = YES_ERROR;
				GCC_WARN_UNDECLARED_SELECTOR = YES;
				GCC_WARN_UNINITIALIZED_AUTOS = YES_AGGRESSIVE;
				GCC_WARN_UNUSED_FUNCTION = YES;
				GCC_WARN_UNUSED_VARIABLE = YES;
				IPHONEOS_DEPLOYMENT_TARGET = 7.1;
				ONLY_ACTIVE_ARCH = YES;
				SDKROOT = iphoneos;
				TARGETED_DEVICE_FAMILY = "1,2";
			};
			name = Debug;
		};
		84FCF72D1A8A2D2200CC99F5 /* Release */ = {
			isa = XCBuildConfiguration;
			buildSettings = {
				ALWAYS_SEARCH_USER_PATHS = NO;
				CLANG_CXX_LANGUAGE_STANDARD = "gnu++0x";
				CLANG_CXX_LIBRARY = "libc++";
				CLANG_ENABLE_MODULES = YES;
				CLANG_ENABLE_OBJC_ARC = YES;
				CLANG_WARN_BOOL_CONVERSION = YES;
				CLANG_WARN_CONSTANT_CONVERSION = YES;
				CLANG_WARN_DIRECT_OBJC_ISA_USAGE = YES_ERROR;
				CLANG_WARN_EMPTY_BODY = YES;
				CLANG_WARN_ENUM_CONVERSION = YES;
				CLANG_WARN_INT_CONVERSION = YES;
				CLANG_WARN_OBJC_ROOT_CLASS = YES_ERROR;
				CLANG_WARN__DUPLICATE_METHOD_MATCH = YES;
				"CODE_SIGN_IDENTITY[sdk=iphoneos*]" = "iPhone Developer";
				COPY_PHASE_STRIP = YES;
				ENABLE_NS_ASSERTIONS = NO;
				GCC_C_LANGUAGE_STANDARD = gnu99;
				GCC_WARN_64_TO_32_BIT_CONVERSION = YES;
				GCC_WARN_ABOUT_RETURN_TYPE = YES_ERROR;
				GCC_WARN_UNDECLARED_SELECTOR = YES;
				GCC_WARN_UNINITIALIZED_AUTOS = YES_AGGRESSIVE;
				GCC_WARN_UNUSED_FUNCTION = YES;
				GCC_WARN_UNUSED_VARIABLE = YES;
				IPHONEOS_DEPLOYMENT_TARGET = 7.1;
				SDKROOT = iphoneos;
				TARGETED_DEVICE_FAMILY = "1,2";
				VALIDATE_PRODUCT = YES;
			};
			name = Release;
		};
		84FCF72F1A8A2D2200CC99F5 /* Debug */ = {
			isa = XCBuildConfiguration;
			buildSettings = {
				ASSETCATALOG_COMPILER_APPICON_NAME = AppIcon;
				ASSETCATALOG_COMPILER_LAUNCHIMAGE_NAME = LaunchImage;
				CODE_SIGN_IDENTITY = "iPhone Developer";
				GCC_PRECOMPILE_PREFIX_HEADER = YES;
				GCC_PREFIX_HEADER = "onota/onota-Prefix.pch";
				INFOPLIST_FILE = "onota/onota-Info.plist";
				PRODUCT_NAME = "$(TARGET_NAME)";
				WRAPPER_EXTENSION = app;
			};
			name = Debug;
		};
		84FCF7301A8A2D2200CC99F5 /* Release */ = {
			isa = XCBuildConfiguration;
			buildSettings = {
				ASSETCATALOG_COMPILER_APPICON_NAME = AppIcon;
				ASSETCATALOG_COMPILER_LAUNCHIMAGE_NAME = LaunchImage;
				CODE_SIGN_IDENTITY = "iPhone Developer";
				GCC_PRECOMPILE_PREFIX_HEADER = YES;
				GCC_PREFIX_HEADER = "onota/onota-Prefix.pch";
				INFOPLIST_FILE = "onota/onota-Info.plist";
				PRODUCT_NAME = "$(TARGET_NAME)";
				WRAPPER_EXTENSION = app;
			};
			name = Release;
		};
		84FCF7321A8A2D2200CC99F5 /* Debug */ = {
			isa = XCBuildConfiguration;
			buildSettings = {
				BUNDLE_LOADER = "$(BUILT_PRODUCTS_DIR)/onota.app/onota";
				FRAMEWORK_SEARCH_PATHS = (
					"$(SDKROOT)/Developer/Library/Frameworks",
					"$(inherited)",
					"$(DEVELOPER_FRAMEWORKS_DIR)",
				);
				GCC_PRECOMPILE_PREFIX_HEADER = YES;
				GCC_PREFIX_HEADER = "onota/onota-Prefix.pch";
				GCC_PREPROCESSOR_DEFINITIONS = (
					"DEBUG=1",
					"$(inherited)",
				);
				INFOPLIST_FILE = "onotaTests/onotaTests-Info.plist";
				PRODUCT_NAME = "$(TARGET_NAME)";
				TEST_HOST = "$(BUNDLE_LOADER)";
				WRAPPER_EXTENSION = xctest;
			};
			name = Debug;
		};
		84FCF7331A8A2D2200CC99F5 /* Release */ = {
			isa = XCBuildConfiguration;
			buildSettings = {
				BUNDLE_LOADER = "$(BUILT_PRODUCTS_DIR)/onota.app/onota";
				FRAMEWORK_SEARCH_PATHS = (
					"$(SDKROOT)/Developer/Library/Frameworks",
					"$(inherited)",
					"$(DEVELOPER_FRAMEWORKS_DIR)",
				);
				GCC_PRECOMPILE_PREFIX_HEADER = YES;
				GCC_PREFIX_HEADER = "onota/onota-Prefix.pch";
				INFOPLIST_FILE = "onotaTests/onotaTests-Info.plist";
				PRODUCT_NAME = "$(TARGET_NAME)";
				TEST_HOST = "$(BUNDLE_LOADER)";
				WRAPPER_EXTENSION = xctest;
			};
			name = Release;
		};
/* End XCBuildConfiguration section */

/* Begin XCConfigurationList section */
		84FCF6F41A8A2D2100CC99F5 /* Build configuration list for PBXProject "onota" */ = {
			isa = XCConfigurationList;
			buildConfigurations = (
				84FCF72C1A8A2D2200CC99F5 /* Debug */,
				84FCF72D1A8A2D2200CC99F5 /* Release */,
			);
			defaultConfigurationIsVisible = 0;
			defaultConfigurationName = Release;
		};
		84FCF72E1A8A2D2200CC99F5 /* Build configuration list for PBXNativeTarget "onota" */ = {
			isa = XCConfigurationList;
			buildConfigurations = (
				84FCF72F1A8A2D2200CC99F5 /* Debug */,
				84FCF7301A8A2D2200CC99F5 /* Release */,
			);
			defaultConfigurationIsVisible = 0;
		};
		84FCF7311A8A2D2200CC99F5 /* Build configuration list for PBXNativeTarget "onotaTests" */ = {
			isa = XCConfigurationList;
			buildConfigurations = (
				84FCF7321A8A2D2200CC99F5 /* Debug */,
				84FCF7331A8A2D2200CC99F5 /* Release */,
			);
			defaultConfigurationIsVisible = 0;
		};
/* End XCConfigurationList section */
	};
	rootObject = 84FCF6F11A8A2D2100CC99F5 /* Project object */;
}
